
Microsoft Visual Studio Solution File, Format Version 12.00
# Visual Studio Version 17
VisualStudioVersion = 17.5.33516.290
MinimumVisualStudioVersion = 10.0.40219.1
Project("{FAE04EC0-301F-11D3-BF4B-00C04F79EFBC}") = "DelegatorThread31", "DelegatorThread31\DelegatorThread31.csproj", "{C589E095-5729-4468-94A3-DDFDD15179DD}"
EndProject
Global
	GlobalSection(SolutionConfigurationPlatforms) = preSolution
		Debug|Any CPU = Debug|Any CPU
		Release|Any CPU = Release|Any CPU
	EndGlobalSection
	GlobalSection(ProjectConfigurationPlatforms) = postSolution
		{C589E095-5729-4468-94A3-DDFDD15179DD}.Debug|Any CPU.ActiveCfg = Debug|Any CPU
		{C589E095-5729-4468-94A3-DDFDD15179DD}.Debug|Any CPU.Build.0 = Debug|Any CPU
		{C589E095-5729-4468-94A3-DDFDD15179DD}.Release|Any CPU.ActiveCfg = Release|Any CPU
		{C589E095-5729-4468-94A3-DDFDD15179DD}.Release|Any CPU.Build.0 = Release|Any CPU
	EndGlobalSection
	GlobalSection(SolutionProperties) = preSolution
		HideSolutionNode = FALSE
	EndGlobalSection
	GlobalSection(ExtensibilityGlobals) = postSolution
		SolutionGuid = {83E5ED8C-080F-45DF-BD1A-3AAF870DA7A7}
	EndGlobalSection
EndGlobal
